// !$*UTF8*$!
{
	archiveVersion = 1;
	classes = {
	};
	objectVersion = 50;
	objects = {

/* Begin PBXBuildFile section */
		E2D2146420F2BCFC003D0BEA /* AppDelegate.swift in Sources */ = {isa = PBXBuildFile; fileRef = E2D2146320F2BCFC003D0BEA /* AppDelegate.swift */; };
		E2D2146620F2BCFC003D0BEA /* ViewController.swift in Sources */ = {isa = PBXBuildFile; fileRef = E2D2146520F2BCFC003D0BEA /* ViewController.swift */; };
		E2D2146920F2BCFC003D0BEA /* Main.storyboard in Resources */ = {isa = PBXBuildFile; fileRef = E2D2146720F2BCFC003D0BEA /* Main.storyboard */; };
		E2D2146B20F2BCFD003D0BEA /* Assets.xcassets in Resources */ = {isa = PBXBuildFile; fileRef = E2D2146A20F2BCFD003D0BEA /* Assets.xcassets */; };
		E2D2146E20F2BCFD003D0BEA /* LaunchScreen.storyboard in Resources */ = {isa = PBXBuildFile; fileRef = E2D2146C20F2BCFD003D0BEA /* LaunchScreen.storyboard */; };
/* End PBXBuildFile section */

/* Begin PBXFileReference section */
		E2D2146020F2BCFC003D0BEA /* Yummy Time.app */ = {isa = PBXFileReference; explicitFileType = wrapper.application; includeInIndex = 0; path = "Yummy Time.app"; sourceTree = BUILT_PRODUCTS_DIR; };
		E2D2146320F2BCFC003D0BEA /* AppDelegate.swift */ = {isa = PBXFileReference; lastKnownFileType = sourcecode.swift; path = AppDelegate.swift; sourceTree = "<group>"; };
		E2D2146520F2BCFC003D0BEA /* ViewController.swift */ = {isa = PBXFileReference; lastKnownFileType = sourcecode.swift; path = ViewController.swift; sourceTree = "<group>"; };
		E2D2146820F2BCFC003D0BEA /* Base */ = {isa = PBXFileReference; lastKnownFileType = file.storyboard; name = Base; path = Base.lproj/Main.storyboard; sourceTree = "<group>"; };
		E2D2146A20F2BCFD003D0BEA /* Assets.xcassets */ = {isa = PBXFileReference; lastKnownFileType = folder.assetcatalog; path = Assets.xcassets; sourceTree = "<group>"; };
		E2D2146D20F2BCFD003D0BEA /* Base */ = {isa = PBXFileReference; lastKnownFileType = file.storyboard; name = Base; path = Base.lproj/LaunchScreen.storyboard; sourceTree = "<group>"; };
		E2D2146F20F2BCFD003D0BEA /* Info.plist */ = {isa = PBXFileReference; lastKnownFileType = text.plist.xml; path = Info.plist; sourceTree = "<group>"; };
/* End PBXFileReference section */

/* Begin PBXFrameworksBuildPhase section */
		E2D2145D20F2BCFC003D0BEA /* Frameworks */ = {
			isa = PBXFrameworksBuildPhase;
			buildActionMask = 2147483647;
			files = (
			);
			runOnlyForDeploymentPostprocessing = 0;
		};
/* End PBXFrameworksBuildPhase section */

/* Begin PBXGroup section */
		E2D2145720F2BCFC003D0BEA = {
			isa = PBXGroup;
			children = (
				E2D2146220F2BCFC003D0BEA /* Yummy Time */,
				E2D2146120F2BCFC003D0BEA /* Products */,
			);
			sourceTree = "<group>";
		};
		E2D2146120F2BCFC003D0BEA /* Products */ = {
			isa = PBXGroup;
			children = (
				E2D2146020F2BCFC003D0BEA /* Yummy Time.app */,
			);
			name = Products;
			sourceTree = "<group>";
		};
		E2D2146220F2BCFC003D0BEA /* Yummy Time */ = {
			isa = PBXGroup;
			children = (
				E2D2146320F2BCFC003D0BEA /* AppDelegate.swift */,
				E2D2146520F2BCFC003D0BEA /* ViewController.swift */,
				E2D2146720F2BCFC003D0BEA /* Main.storyboard */,
				E2D2146A20F2BCFD003D0BEA /* Assets.xcassets */,
				E2D2146C20F2BCFD003D0BEA /* LaunchScreen.storyboard */,
				E2D2146F20F2BCFD003D0BEA /* Info.plist */,
			);
			path = "Yummy Time";
			sourceTree = "<group>";
		};
/* End PBXGroup section */

/* Begin PBXNativeTarget section */
		E2D2145F20F2BCFC003D0BEA /* Yummy Time */ = {
			isa = PBXNativeTarget;
			buildConfigurationList = E2D2147220F2BCFD003D0BEA /* Build configuration list for PBXNativeTarget "Yummy Time" */;
			buildPhases = (
				E2D2145C20F2BCFC003D0BEA /* Sources */,
				E2D2145D20F2BCFC003D0BEA /* Frameworks */,
				E2D2145E20F2BCFC003D0BEA /* Resources */,
			);
			buildRules = (
			);
			dependencies = (
			);
			name = "Yummy Time";
			productName = "Yummy Time";
			productReference = E2D2146020F2BCFC003D0BEA /* Yummy Time.app */;
			productType = "com.apple.product-type.application";
		};
/* End PBXNativeTarget section */

/* Begin PBXProject section */
		E2D2145820F2BCFC003D0BEA /* Project object */ = {
			isa = PBXProject;
			attributes = {
				LastSwiftUpdateCheck = 0940;
				LastUpgradeCheck = 0940;
				ORGANIZATIONNAME = "Nathalia Inacio";
				TargetAttributes = {
					E2D2145F20F2BCFC003D0BEA = {
						CreatedOnToolsVersion = 9.4;
					};
				};
			};
			buildConfigurationList = E2D2145B20F2BCFC003D0BEA /* Build configuration list for PBXProject "Yummy Time" */;
			compatibilityVersion = "Xcode 9.3";
			developmentRegion = en;
			hasScannedForEncodings = 0;
			knownRegions = (
				en,
				Base,
			);
			mainGroup = E2D2145720F2BCFC003D0BEA;
			productRefGroup = E2D2146120F2BCFC003D0BEA /* Products */;
			projectDirPath = "";
			projectRoot = "";
			targets = (
				E2D2145F20F2BCFC003D0BEA /* Yummy Time */,
			);
		};
/* End PBXProject section */

/* Begin PBXResourcesBuildPhase section */
		E2D2145E20F2BCFC003D0BEA /* Resources */ = {
			isa = PBXResourcesBuildPhase;
			buildActionMask = 2147483647;
			files = (
				E2D2146E20F2BCFD003D0BEA /* LaunchScreen.storyboard in Resources */,
				E2D2146B20F2BCFD003D0BEA /* Assets.xcassets in Resources */,
				E2D2146920F2BCFC003D0BEA /* Main.storyboard in Resources */,
			);
			runOnlyForDeploymentPostprocessing = 0;
		};
/* End PBXResourcesBuildPhase section */

/* Begin PBXSourcesBuildPhase section */
		E2D2145C20F2BCFC003D0BEA /* Sources */ = {
			isa = PBXSourcesBuildPhase;
			buildActionMask = 2147483647;
			files = (
				E2D2146620F2BCFC003D0BEA /* ViewController.swift in Sources */,
				E2D2146420F2BCFC003D0BEA /* AppDelegate.swift in Sources */,
			);
			runOnlyForDeploymentPostprocessing = 0;
		};
/* End PBXSourcesBuildPhase section */

/* Begin PBXVariantGroup section */
		E2D2146720F2BCFC003D0BEA /* Main.storyboard */ = {
			isa = PBXVariantGroup;
			children = (
				E2D2146820F2BCFC003D0BEA /* Base */,
			);
			name = Main.storyboard;
			sourceTree = "<group>";
		};
		E2D2146C20F2BCFD003D0BEA /* LaunchScreen.storyboard */ = {
			isa = PBXVariantGroup;
			children = (
				E2D2146D20F2BCFD003D0BEA /* Base */,
			);
			name = LaunchScreen.storyboard;
			sourceTree = "<group>";
		};
/* End PBXVariantGroup section */

/* Begin XCBuildConfiguration section */
		E2D2147020F2BCFD003D0BEA /* Debug */ = {
			isa = XCBuildConfiguration;
			buildSettings = {
				ALWAYS_SEARCH_USER_PATHS = NO;
				CLANG_ANALYZER_NONNULL = YES;
				CLANG_ANALYZER_NUMBER_OBJECT_CONVERSION = YES_AGGRESSIVE;
				CLANG_CXX_LANGUAGE_STANDARD = "gnu++14";
				CLANG_CXX_LIBRARY = "libc++";
				CLANG_ENABLE_MODULES = YES;
				CLANG_ENABLE_OBJC_ARC = YES;
				CLANG_ENABLE_OBJC_WEAK = YES;
				CLANG_WARN_BLOCK_CAPTURE_AUTORELEASING = YES;
				CLANG_WARN_BOOL_CONVERSION = YES;
				CLANG_WARN_COMMA = YES;
				CLANG_WARN_CONSTANT_CONVERSION = YES;
				CLANG_WARN_DEPRECATED_OBJC_IMPLEMENTATIONS = YES;
				CLANG_WARN_DIRECT_OBJC_ISA_USAGE = YES_ERROR;
				CLANG_WARN_DOCUMENTATION_COMMENTS = YES;
				CLANG_WARN_EMPTY_BODY = YES;
				CLANG_WARN_ENUM_CONVERSION = YES;
				CLANG_WARN_INFINITE_RECURSION = YES;
				CLANG_WARN_INT_CONVERSION = YES;
				CLANG_WARN_NON_LITERAL_NULL_CONVERSION = YES;
				CLANG_WARN_OBJC_IMPLICIT_RETAIN_SELF = YES;
				CLANG_WARN_OBJC_LITERAL_CONVERSION = YES;
				CLANG_WARN_OBJC_ROOT_CLASS = YES_ERROR;
				CLANG_WARN_RANGE_LOOP_ANALYSIS = YES;
				CLANG_WARN_STRICT_PROTOTYPES = YES;
				CLANG_WARN_SUSPICIOUS_MOVE = YES;
				CLANG_WARN_UNGUARDED_AVAILABILITY = YES_AGGRESSIVE;
				CLANG_WARN_UNREACHABLE_CODE = YES;
				CLANG_WARN__DUPLICATE_METHOD_MATCH = YES;
				CODE_SIGN_IDENTITY = "iPhone Developer";
				COPY_PHASE_STRIP = NO;
				DEBUG_INFORMATION_FORMAT = dwarf;
				ENABLE_STRICT_OBJC_MSGSEND = YES;
				ENABLE_TESTABILITY = YES;
				GCC_C_LANGUAGE_STANDARD = gnu11;
				GCC_DYNAMIC_NO_PIC = NO;
				GCC_NO_COMMON_BLOCKS = YES;
				GCC_OPTIMIZATION_LEVEL = 0;
				GCC_PREPROCESSOR_DEFINITIONS = (
					"DEBUG=1",
					"$(inherited)",
				);
				GCC_WARN_64_TO_32_BIT_CONVERSION = YES;
				GCC_WARN_ABOUT_RETURN_TYPE = YES_ERROR;
				GCC_WARN_UNDECLARED_SELECTOR = YES;
				GCC_WARN_UNINITIALIZED_AUTOS = YES_AGGRESSIVE;
				GCC_WARN_UNUSED_FUNCTION = YES;
				GCC_WARN_UNUSED_VARIABLE = YES;
				IPHONEOS_DEPLOYMENT_TARGET = 11.4;
				MTL_ENABLE_DEBUG_INFO = YES;
				ONLY_ACTIVE_ARCH = YES;
				SDKROOT = iphoneos;
				SWIFT_ACTIVE_COMPILATION_CONDITIONS = DEBUG;
				SWIFT_OPTIMIZATION_LEVEL = "-Onone";
			};
			name = Debug;
		};
		E2D2147120F2BCFD003D0BEA /* Release */ = {
			isa = XCBuildConfiguration;
			buildSettings = {
				ALWAYS_SEARCH_USER_PATHS = NO;
				CLANG_ANALYZER_NONNULL = YES;
				CLANG_ANALYZER_NUMBER_OBJECT_CONVERSION = YES_AGGRESSIVE;
				CLANG_CXX_LANGUAGE_STANDARD = "gnu++14";
				CLANG_CXX_LIBRARY = "libc++";
				CLANG_ENABLE_MODULES = YES;
				CLANG_ENABLE_OBJC_ARC = YES;
				CLANG_ENABLE_OBJC_WEAK = YES;
				CLANG_WARN_BLOCK_CAPTURE_AUTORELEASING = YES;
				CLANG_WARN_BOOL_CONVERSION = YES;
				CLANG_WARN_COMMA = YES;
				CLANG_WARN_CONSTANT_CONVERSION = YES;
				CLANG_WARN_DEPRECATED_OBJC_IMPLEMENTATIONS = YES;
				CLANG_WARN_DIRECT_OBJC_ISA_USAGE = YES_ERROR;
				CLANG_WARN_DOCUMENTATION_COMMENTS = YES;
				CLANG_WARN_EMPTY_BODY = YES;
				CLANG_WARN_ENUM_CONVERSION = YES;
				CLANG_WARN_INFINITE_RECURSION = YES;
				CLANG_WARN_INT_CONVERSION = YES;
				CLANG_WARN_NON_LITERAL_NULL_CONVERSION = YES;
				CLANG_WARN_OBJC_IMPLICIT_RETAIN_SELF = YES;
				CLANG_WARN_OBJC_LITERAL_CONVERSION = YES;
				CLANG_WARN_OBJC_ROOT_CLASS = YES_ERROR;
				CLANG_WARN_RANGE_LOOP_ANALYSIS = YES;
				CLANG_WARN_STRICT_PROTOTYPES = YES;
				CLANG_WARN_SUSPICIOUS_MOVE = YES;
				CLANG_WARN_UNGUARDED_AVAILABILITY = YES_AGGRESSIVE;
				CLANG_WARN_UNREACHABLE_CODE = YES;
				CLANG_WARN__DUPLICATE_METHOD_MATCH = YES;
				CODE_SIGN_IDENTITY = "iPhone Developer";
				COPY_PHASE_STRIP = NO;
				DEBUG_INFORMATION_FORMAT = "dwarf-with-dsym";
				ENABLE_NS_ASSERTIONS = NO;
				ENABLE_STRICT_OBJC_MSGSEND = YES;
				GCC_C_LANGUAGE_STANDARD = gnu11;
				GCC_NO_COMMON_BLOCKS = YES;
				GCC_WARN_64_TO_32_BIT_CONVERSION = YES;
				GCC_WARN_ABOUT_RETURN_TYPE = YES_ERROR;
				GCC_WARN_UNDECLARED_SELECTOR = YES;
				GCC_WARN_UNINITIALIZED_AUTOS = YES_AGGRESSIVE;
				GCC_WARN_UNUSED_FUNCTION = YES;
				GCC_WARN_UNUSED_VARIABLE = YES;
				IPHONEOS_DEPLOYMENT_TARGET = 11.4;
				MTL_ENABLE_DEBUG_INFO = NO;
				SDKROOT = iphoneos;
				SWIFT_COMPILATION_MODE = wholemodule;
				SWIFT_OPTIMIZATION_LEVEL = "-O";
				VALIDATE_PRODUCT = YES;
			};
			name = Release;
		};
		E2D2147320F2BCFD003D0BEA /* Debug */ = {
			isa = XCBuildConfiguration;
			buildSettings = {
				ASSETCATALOG_COMPILER_APPICON_NAME = AppIcon;
				CODE_SIGN_STYLE = Automatic;
				DEVELOPMENT_TEAM = 5FPDGHW8G8;
				INFOPLIST_FILE = "Yummy Time/Info.plist";
				LD_RUNPATH_SEARCH_PATHS = (
					"$(inherited)",
					"@executable_path/Frameworks",
				);
				PRODUCT_BUNDLE_IDENTIFIER = "Apple-Developer-Academy.Yummy-Time";
				PRODUCT_NAME = "$(TARGET_NAME)";
				SWIFT_VERSION = 4.0;
				TARGETED_DEVICE_FAMILY = "1,2";
			};
			name = Debug;
		};
		E2D2147420F2BCFD003D0BEA /* Release */ = {
			isa = XCBuildConfiguration;
			buildSettings = {
				ASSETCATALOG_COMPILER_APPICON_NAME = AppIcon;
				CODE_SIGN_STYLE = Automatic;
				DEVELOPMENT_TEAM = 5FPDGHW8G8;
				INFOPLIST_FILE = "Yummy Time/Info.plist";
				LD_RUNPATH_SEARCH_PATHS = (
					"$(inherited)",
					"@executable_path/Frameworks",
				);
				PRODUCT_BUNDLE_IDENTIFIER = "Apple-Developer-Academy.Yummy-Time";
				PRODUCT_NAME = "$(TARGET_NAME)";
				SWIFT_VERSION = 4.0;
				TARGETED_DEVICE_FAMILY = "1,2";
			};
			name = Release;
		};
/* End XCBuildConfiguration section */

/* Begin XCConfigurationList section */
		E2D2145B20F2BCFC003D0BEA /* Build configuration list for PBXProject "Yummy Time" */ = {
			isa = XCConfigurationList;
			buildConfigurations = (
				E2D2147020F2BCFD003D0BEA /* Debug */,
				E2D2147120F2BCFD003D0BEA /* Release */,
			);
			defaultConfigurationIsVisible = 0;
			defaultConfigurationName = Release;
		};
		E2D2147220F2BCFD003D0BEA /* Build configuration list for PBXNativeTarget "Yummy Time" */ = {
			isa = XCConfigurationList;
			buildConfigurations = (
				E2D2147320F2BCFD003D0BEA /* Debug */,
				E2D2147420F2BCFD003D0BEA /* Release */,
			);
			defaultConfigurationIsVisible = 0;
			defaultConfigurationName = Release;
		};
/* End XCConfigurationList section */
	};
	rootObject = E2D2145820F2BCFC003D0BEA /* Project object */;
}
